# THIS IS AN AUTOGENERATED FILE. DO NOT EDIT THIS FILE DIRECTLY.
# yarn lockfile v1


mprocs@^0.7.1:
  version "0.7.1"
  resolved "https://registry.yarnpkg.com/mprocs/-/mprocs-0.7.1.tgz#1093481f32b3bc50521a927e5b456fe36b602284"
  integrity sha512-v22SIwcOphZm6XLdNfeHf4ZDYHqV1hghyfqNLwmZ604lEXlEkiuazYBWUz3xEB2GdABEAKfCZ8qiOVIoREM6CQ==
